
Microsoft Visual Studio Solution File, Format Version 12.00
# Visual Studio Version 17
VisualStudioVersion = 17.9.34723.18
MinimumVisualStudioVersion = 10.0.40219.1
Project("{FAE04EC0-301F-11D3-BF4B-00C04F79EFBC}") = "appWebEjemplo", "appWebEjemplo\appWebEjemplo.csproj", "{24C38A93-9F4E-4E28-A15A-7AA2AC40C8AB}"
EndProject
Global
	GlobalSection(SolutionConfigurationPlatforms) = preSolution
		Debug|Any CPU = Debug|Any CPU
		Release|Any CPU = Release|Any CPU
	EndGlobalSection
	GlobalSection(ProjectConfigurationPlatforms) = postSolution
		{24C38A93-9F4E-4E28-A15A-7AA2AC40C8AB}.Debug|Any CPU.ActiveCfg = Debug|Any CPU
		{24C38A93-9F4E-4E28-A15A-7AA2AC40C8AB}.Debug|Any CPU.Build.0 = Debug|Any CPU
		{24C38A93-9F4E-4E28-A15A-7AA2AC40C8AB}.Release|Any CPU.ActiveCfg = Release|Any CPU
		{24C38A93-9F4E-4E28-A15A-7AA2AC40C8AB}.Release|Any CPU.Build.0 = Release|Any CPU
	EndGlobalSection
	GlobalSection(SolutionProperties) = preSolution
		HideSolutionNode = FALSE
	EndGlobalSection
	GlobalSection(ExtensibilityGlobals) = postSolution
		SolutionGuid = {360B632C-2972-43C1-8BD4-3D04091F8BCA}
	EndGlobalSection
EndGlobal
